github.com/cenkalti/backoff v2.2.1+incompatible h1:tNowT99t7UNflLxfYYSlKYsBpXdEet03Pg2g16Swow4=
github.com/cenkalti/backoff v2.2.1+incompatible/go.mod h1:90ReRw6GdpyfrHakVjL/QHaoyV4aDUVVkXQJJJ3NXXM=
github.com/michiwend/gomusicbrainz v0.0.0-20181012083520-6c07e13dd396 h1:REpvt1iVqbiiBk2TihujngsSpHHMHiB/JBkQH/qkq8s=
github.com/michiwend/gomusicbrainz v0.0.0-20181012083520-6c07e13dd396/go.mod h1:HKpGCk/zijJ9GXdTWgtpnd5BbKDXtN0OQ3E4/zpxOwM=
